<?xml version="1.0" encoding="utf-8"?>
<Project ToolsVersion="4.0" xmlns="http://schemas.microsoft.com/developer/msbuild/2003">
  <ItemGroup>
    <Filter Include="소스 파일">
      <UniqueIdentifier>{4FC737F1-C7A5-4376-A066-2A32D752A2FF}</UniqueIdentifier>
      <Extensions>cpp;c;cc;cxx;c++;cppm;ixx;def;odl;idl;hpj;bat;asm;asmx</Extensions>
    </Filter>
    <Filter Include="헤더 파일">
      <UniqueIdentifier>{93995380-89BD-4b04-88EB-625FBE52EBFB}</UniqueIdentifier>
      <Extensions>h;hh;hpp;hxx;h++;hm;inl;inc;ipp;xsd</Extensions>
    </Filter>
    <Filter Include="리소스 파일">
      <UniqueIdentifier>{67DA6AB6-F800-4c08-8B7A-83BB121AAD01}</UniqueIdentifier>
      <Extensions>rc;ico;cur;bmp;dlg;rc2;rct;bin;rgs;gif;jpg;jpeg;jpe;resx;tiff;tif;png;wav;mfcribbon-ms</Extensions>
    </Filter>
  </ItemGroup>
  <ItemGroup>
    <ClCompile Include="src\Game\Main.cpp">
      <Filter>소스 파일</Filter>
    </ClCompile>
    <ClCompile Include="src\Game\Game.cpp">
      <Filter>소스 파일</Filter>
    </ClCompile>
    <ClCompile Include="src\manager\NoteManager.cpp">
      <Filter>소스 파일</Filter>
    </ClCompile>
    <ClCompile Include="src\manager\TextureManager.cpp">
      <Filter>소스 파일</Filter>
    </ClCompile>
    <ClCompile Include="src\physics\Transform.cpp">
      <Filter>소스 파일</Filter>
    </ClCompile>
    <ClCompile Include="src\physics\Vector2D.cpp">
      <Filter>소스 파일</Filter>
    </ClCompile>
    <ClCompile Include="src\timer\Timer.cpp">
      <Filter>소스 파일</Filter>
    </ClCompile>
    <ClCompile Include="src\GameObject\Note.cpp">
      <Filter>소스 파일</Filter>
    </ClCompile>
    <ClCompile Include="src\GameObject\SDLGameObject.cpp">
      <Filter>소스 파일</Filter>
    </ClCompile>
    <ClCompile Include="src\Controller\InputHandler.cpp">
      <Filter>소스 파일</Filter>
    </ClCompile>
    <ClCompile Include="src\Button\NotePad.cpp">
      <Filter>소스 파일</Filter>
    </ClCompile>
    <ClCompile Include="src\Controller\PlayController.cpp">
      <Filter>소스 파일</Filter>
    </ClCompile>
    <ClCompile Include="src\physics\Collider2D.cpp">
      <Filter>소스 파일</Filter>
    </ClCompile>
    <ClCompile Include="src\GameObject\NoteBoom.cpp">
      <Filter>소스 파일</Filter>
    </ClCompile>
    <ClCompile Include="src\manager\ObjectManager.cpp">
      <Filter>소스 파일</Filter>
    </ClCompile>
    <ClCompile Include="src\GameObject\PowerNote.cpp">
      <Filter>소스 파일</Filter>
    </ClCompile>
    <ClCompile Include="src\GameObject\NoteShooter.cpp">
      <Filter>소스 파일</Filter>
    </ClCompile>
    <ClCompile Include="src\GameObject\Player.cpp">
      <Filter>소스 파일</Filter>
    </ClCompile>
    <ClCompile Include="src\Animation\Animation.cpp">
      <Filter>소스 파일</Filter>
    </ClCompile>
    <ClCompile Include="src\UI\HealthBar.cpp">
      <Filter>소스 파일</Filter>
    </ClCompile>
    <ClCompile Include="src\Controller\BackScroll.cpp">
      <Filter>소스 파일</Filter>
    </ClCompile>
    <ClCompile Include="src\UI\LerpPanel.cpp">
      <Filter>소스 파일</Filter>
    </ClCompile>
    <ClCompile Include="src\physics\CustomPhysics.cpp">
      <Filter>소스 파일</Filter>
    </ClCompile>
    <ClCompile Include="src\Scene\State_StartLogo.cpp">
      <Filter>소스 파일</Filter>
    </ClCompile>
    <ClCompile Include="src\Scene\State_Play.cpp">
      <Filter>소스 파일</Filter>
    </ClCompile>
    <ClCompile Include="src\GameObject\MusicSelectPanel.cpp">
      <Filter>소스 파일</Filter>
    </ClCompile>
    <ClCompile Include="src\Button\PowerNotePad.cpp">
      <Filter>소스 파일</Filter>
    </ClCompile>
    <ClCompile Include="src\Button\PowerNotePadButton.cpp">
      <Filter>소스 파일</Filter>
    </ClCompile>
    <ClCompile Include="src\Button\NormalButton.cpp">
      <Filter>소스 파일</Filter>
    </ClCompile>
    <ClCompile Include="src\Controller\StageController.cpp">
      <Filter>소스 파일</Filter>
    </ClCompile>
    <ClCompile Include="src\GameObject\LoadingCircle.cpp">
      <Filter>소스 파일</Filter>
    </ClCompile>
    <ClCompile Include="src\Button\SpaceButton.cpp">
      <Filter>소스 파일</Filter>
    </ClCompile>
    <ClCompile Include="src\Camera\Camera.cpp">
      <Filter>소스 파일</Filter>
    </ClCompile>
    <ClCompile Include="src\manager\ScoreManager.cpp">
      <Filter>소스 파일</Filter>
    </ClCompile>
    <ClCompile Include="src\Pattern\DirShot.cpp">
      <Filter>소스 파일</Filter>
    </ClCompile>
    <ClCompile Include="src\GameObject\BoomTrash.cpp">
      <Filter>소스 파일</Filter>
    </ClCompile>
    <ClCompile Include="src\UI\MusicPanel.cpp">
      <Filter>소스 파일</Filter>
    </ClCompile>
  </ItemGroup>
  <ItemGroup>
    <ClInclude Include="include\main.h">
      <Filter>헤더 파일</Filter>
    </ClInclude>
    <ClInclude Include="include\Game.h">
      <Filter>헤더 파일</Filter>
    </ClInclude>
    <ClInclude Include="include\NoteManager.h">
      <Filter>헤더 파일</Filter>
    </ClInclude>
    <ClInclude Include="include\Spawn.h">
      <Filter>헤더 파일</Filter>
    </ClInclude>
    <ClInclude Include="include\TextureManager.h">
      <Filter>헤더 파일</Filter>
    </ClInclude>
    <ClInclude Include="include\Transform.h">
      <Filter>헤더 파일</Filter>
    </ClInclude>
    <ClInclude Include="include\Vector2D.h">
      <Filter>헤더 파일</Filter>
    </ClInclude>
    <ClInclude Include="include\Timer.h">
      <Filter>헤더 파일</Filter>
    </ClInclude>
    <ClInclude Include="include\GameObject.h">
      <Filter>헤더 파일</Filter>
    </ClInclude>
    <ClInclude Include="include\Note.h">
      <Filter>헤더 파일</Filter>
    </ClInclude>
    <ClInclude Include="include\LoaderParams.h">
      <Filter>헤더 파일</Filter>
    </ClInclude>
    <ClInclude Include="include\SDLGameObject.h">
      <Filter>헤더 파일</Filter>
    </ClInclude>
    <ClInclude Include="include\PlayController.h">
      <Filter>헤더 파일</Filter>
    </ClInclude>
    <ClInclude Include="include\InputHandler.h">
      <Filter>헤더 파일</Filter>
    </ClInclude>
    <ClInclude Include="include\NotePad.h">
      <Filter>헤더 파일</Filter>
    </ClInclude>
    <ClInclude Include="include\Collider2D.h">
      <Filter>헤더 파일</Filter>
    </ClInclude>
    <ClInclude Include="include\NoteBoom.h">
      <Filter>헤더 파일</Filter>
    </ClInclude>
    <ClInclude Include="include\ObjectManager.h">
      <Filter>헤더 파일</Filter>
    </ClInclude>
    <ClInclude Include="include\PowerNote.h">
      <Filter>헤더 파일</Filter>
    </ClInclude>
    <ClInclude Include="include\NoteShooter.h">
      <Filter>헤더 파일</Filter>
    </ClInclude>
    <ClInclude Include="include\Player.h">
      <Filter>헤더 파일</Filter>
    </ClInclude>
    <ClInclude Include="include\Animation.h">
      <Filter>헤더 파일</Filter>
    </ClInclude>
    <ClInclude Include="include\HealthBar.h">
      <Filter>헤더 파일</Filter>
    </ClInclude>
    <ClInclude Include="include\BackScroll.h">
      <Filter>헤더 파일</Filter>
    </ClInclude>
    <ClInclude Include="include\LerpPanel.h">
      <Filter>헤더 파일</Filter>
    </ClInclude>
    <ClInclude Include="include\Command.h">
      <Filter>헤더 파일</Filter>
    </ClInclude>
    <ClInclude Include="include\GameState.h">
      <Filter>헤더 파일</Filter>
    </ClInclude>
    <ClInclude Include="include\State_StartLogo.h">
      <Filter>헤더 파일</Filter>
    </ClInclude>
    <ClInclude Include="include\State_Play.h">
      <Filter>헤더 파일</Filter>
    </ClInclude>
    <ClInclude Include="include\MusicSelectPanel.h">
      <Filter>헤더 파일</Filter>
    </ClInclude>
    <ClInclude Include="include\TemplateButton.h">
      <Filter>헤더 파일</Filter>
    </ClInclude>
    <ClInclude Include="include\PowerNotePadButton.h">
      <Filter>헤더 파일</Filter>
    </ClInclude>
    <ClInclude Include="include\PowerNotePad.h">
      <Filter>헤더 파일</Filter>
    </ClInclude>
    <ClInclude Include="include\NormalButton.h">
      <Filter>헤더 파일</Filter>
    </ClInclude>
    <ClInclude Include="include\StageController.h">
      <Filter>헤더 파일</Filter>
    </ClInclude>
    <ClInclude Include="include\LoadingCircle.h">
      <Filter>헤더 파일</Filter>
    </ClInclude>
    <ClInclude Include="include\SpaceButton.h">
      <Filter>헤더 파일</Filter>
    </ClInclude>
    <ClInclude Include="include\Camera.h">
      <Filter>헤더 파일</Filter>
    </ClInclude>
    <ClInclude Include="include\ScoreManager.h">
      <Filter>헤더 파일</Filter>
    </ClInclude>
    <ClInclude Include="include\DirShot.h">
      <Filter>헤더 파일</Filter>
    </ClInclude>
    <ClInclude Include="include\BoomTrash.h">
      <Filter>헤더 파일</Filter>
    </ClInclude>
    <ClInclude Include="include\MusicPanel.h">
      <Filter>헤더 파일</Filter>
    </ClInclude>
  </ItemGroup>
</Project>